
Microsoft Visual Studio Solution File, Format Version 12.00
# Visual Studio Version 16
VisualStudioVersion = 16.0.30611.23
MinimumVisualStudioVersion = 10.0.40219.1
Project("{8BC9CEB8-8B4A-11D0-8D11-00A0C91BC942}") = "L7-exemplu", "L7-exemplu\L7-exemplu.vcxproj", "{02FE0218-F1FD-4AAF-A0A0-A5FED0C984D8}"
EndProject
Global
	GlobalSection(SolutionConfigurationPlatforms) = preSolution
		Debug|x64 = Debug|x64
		Debug|x86 = Debug|x86
		Release|x64 = Release|x64
		Release|x86 = Release|x86
	EndGlobalSection
	GlobalSection(ProjectConfigurationPlatforms) = postSolution
		{02FE0218-F1FD-4AAF-A0A0-A5FED0C984D8}.Debug|x64.ActiveCfg = Debug|x64
		{02FE0218-F1FD-4AAF-A0A0-A5FED0C984D8}.Debug|x64.Build.0 = Debug|x64
		{02FE0218-F1FD-4AAF-A0A0-A5FED0C984D8}.Debug|x86.ActiveCfg = Debug|Win32
		{02FE0218-F1FD-4AAF-A0A0-A5FED0C984D8}.Debug|x86.Build.0 = Debug|Win32
		{02FE0218-F1FD-4AAF-A0A0-A5FED0C984D8}.Release|x64.ActiveCfg = Release|x64
		{02FE0218-F1FD-4AAF-A0A0-A5FED0C984D8}.Release|x64.Build.0 = Release|x64
		{02FE0218-F1FD-4AAF-A0A0-A5FED0C984D8}.Release|x86.ActiveCfg = Release|Win32
		{02FE0218-F1FD-4AAF-A0A0-A5FED0C984D8}.Release|x86.Build.0 = Release|Win32
	EndGlobalSection
	GlobalSection(SolutionProperties) = preSolution
		HideSolutionNode = FALSE
	EndGlobalSection
	GlobalSection(ExtensibilityGlobals) = postSolution
		SolutionGuid = {0ABA158B-BB30-485E-8710-0F14AA74A8EF}
	EndGlobalSection
EndGlobal
