
Microsoft Visual Studio Solution File, Format Version 12.00
# Visual Studio Version 16
VisualStudioVersion = 16.0.30611.23
MinimumVisualStudioVersion = 10.0.40219.1
Project("{8BC9CEB8-8B4A-11D0-8D11-00A0C91BC942}") = "L4-exemplu", "L4-exemplu\L4-exemplu.vcxproj", "{80911375-B19D-4EF9-9903-6EE5F4CB6B04}"
EndProject
Global
	GlobalSection(SolutionConfigurationPlatforms) = preSolution
		Debug|x64 = Debug|x64
		Debug|x86 = Debug|x86
		Release|x64 = Release|x64
		Release|x86 = Release|x86
	EndGlobalSection
	GlobalSection(ProjectConfigurationPlatforms) = postSolution
		{80911375-B19D-4EF9-9903-6EE5F4CB6B04}.Debug|x64.ActiveCfg = Debug|x64
		{80911375-B19D-4EF9-9903-6EE5F4CB6B04}.Debug|x64.Build.0 = Debug|x64
		{80911375-B19D-4EF9-9903-6EE5F4CB6B04}.Debug|x86.ActiveCfg = Debug|Win32
		{80911375-B19D-4EF9-9903-6EE5F4CB6B04}.Debug|x86.Build.0 = Debug|Win32
		{80911375-B19D-4EF9-9903-6EE5F4CB6B04}.Release|x64.ActiveCfg = Release|x64
		{80911375-B19D-4EF9-9903-6EE5F4CB6B04}.Release|x64.Build.0 = Release|x64
		{80911375-B19D-4EF9-9903-6EE5F4CB6B04}.Release|x86.ActiveCfg = Release|Win32
		{80911375-B19D-4EF9-9903-6EE5F4CB6B04}.Release|x86.Build.0 = Release|Win32
	EndGlobalSection
	GlobalSection(SolutionProperties) = preSolution
		HideSolutionNode = FALSE
	EndGlobalSection
	GlobalSection(ExtensibilityGlobals) = postSolution
		SolutionGuid = {48F505DD-C85D-4E46-8A96-8DCED584D375}
	EndGlobalSection
EndGlobal
