
Microsoft Visual Studio Solution File, Format Version 12.00
# Visual Studio Version 16
VisualStudioVersion = 16.0.30611.23
MinimumVisualStudioVersion = 10.0.40219.1
Project("{8BC9CEB8-8B4A-11D0-8D11-00A0C91BC942}") = "L4-ex2", "L4-ex2\L4-ex2.vcxproj", "{3CE67A88-D10E-4553-A205-923A0EE71109}"
EndProject
Global
	GlobalSection(SolutionConfigurationPlatforms) = preSolution
		Debug|x64 = Debug|x64
		Debug|x86 = Debug|x86
		Release|x64 = Release|x64
		Release|x86 = Release|x86
	EndGlobalSection
	GlobalSection(ProjectConfigurationPlatforms) = postSolution
		{3CE67A88-D10E-4553-A205-923A0EE71109}.Debug|x64.ActiveCfg = Debug|x64
		{3CE67A88-D10E-4553-A205-923A0EE71109}.Debug|x64.Build.0 = Debug|x64
		{3CE67A88-D10E-4553-A205-923A0EE71109}.Debug|x86.ActiveCfg = Debug|Win32
		{3CE67A88-D10E-4553-A205-923A0EE71109}.Debug|x86.Build.0 = Debug|Win32
		{3CE67A88-D10E-4553-A205-923A0EE71109}.Release|x64.ActiveCfg = Release|x64
		{3CE67A88-D10E-4553-A205-923A0EE71109}.Release|x64.Build.0 = Release|x64
		{3CE67A88-D10E-4553-A205-923A0EE71109}.Release|x86.ActiveCfg = Release|Win32
		{3CE67A88-D10E-4553-A205-923A0EE71109}.Release|x86.Build.0 = Release|Win32
	EndGlobalSection
	GlobalSection(SolutionProperties) = preSolution
		HideSolutionNode = FALSE
	EndGlobalSection
	GlobalSection(ExtensibilityGlobals) = postSolution
		SolutionGuid = {BE03954E-3157-4F24-8E56-D063F53C8FAB}
	EndGlobalSection
EndGlobal
